{
  "originHash" : "a6a60f8d6f444504be13f12f8483cc91741f5dd918563afd19d538a33b769ae5",
  "pins" : [
    {
      "identity" : "coregraphicsextensions",
      "kind" : "remoteSourceControl",
      "location" : "https://github.com/heestand-xyz/CoreGraphicsExtensions",
      "state" : {
        "revision" : "a95735b2522f6e2ba9ab8a59fbf742e1723212ed",
        "version" : "2.0.0"
      }
    },
    {
      "identity" : "pixelcolor",
      "kind" : "remoteSourceControl",
      "location" : "https://github.com/heestand-xyz/PixelColor",
      "state" : {
        "revision" : "2e3cf16dd01a1a0ed3ded435ab0875c3f20ad3bc",
        "version" : "3.0.1"
      }
    },
    {
      "identity" : "spatialextensions",
      "kind" : "remoteSourceControl",
      "location" : "https://github.com/heestand-xyz/SpatialExtensions",
      "state" : {
        "revision" : "a088ae60a41c4842aadcaa53802cff0cfedb68e3",
        "version" : "1.0.0"
      }
    },
    {
      "identity" : "swift-syntax",
      "kind" : "remoteSourceControl",
      "location" : "https://github.com/apple/swift-syntax",
      "state" : {
        "revision" : "64889f0c732f210a935a0ad7cda38f77f876262d",
        "version" : "509.1.1"
      }
    },
    {
      "identity" : "texturemap",
      "kind" : "remoteSourceControl",
      "location" : "https://github.com/heestand-xyz/TextureMap",
      "state" : {
        "revision" : "c73e99f8116f045a115f9fb5929d46911e817007",
        "version" : "2.0.1"
      }
    },
    {
      "identity" : "videoframes",
      "kind" : "remoteSourceControl",
      "location" : "https://github.com/heestand-xyz/VideoFrames",
      "state" : {
        "revision" : "340c4b6803e92fca85d6a5698800fb6f3a949b09",
        "version" : "2.0.0"
      }
    }
  ],
  "version" : 3
}
